Microsoft Visual Studio Solution File, Format Version 11.00
# Visual Studio 2008

Project("{2B9887CB-DDB3-1ABC-BC93-C4D9979DF15A}") = "Sonorous", "Assembly-CSharp-firstpass.csproj", "{F83E67DA-9A36-80B2-D233-5BE70C43437E}"
EndProject
Project("{2B9887CB-DDB3-1ABC-BC93-C4D9979DF15A}") = "Sonorous", "Assembly-UnityScript.unityproj", "{505BB47C-B9CB-6E03-BAD4-3EAFFE13C458}"
EndProject
Global
	GlobalSection(SolutionConfigurationPlatforms) = preSolution
		Debug|Any CPU = Debug|Any CPU
		Release|Any CPU = Release|Any CPU
	EndGlobalSection
	GlobalSection(ProjectConfigurationPlatforms) = postSolution
		{F83E67DA-9A36-80B2-D233-5BE70C43437E}.Debug|Any CPU.ActiveCfg = Debug|Any CPU
		{F83E67DA-9A36-80B2-D233-5BE70C43437E}.Debug|Any CPU.Build.0 = Debug|Any CPU
		{F83E67DA-9A36-80B2-D233-5BE70C43437E}.Release|Any CPU.ActiveCfg = Release|Any CPU
		{F83E67DA-9A36-80B2-D233-5BE70C43437E}.Release|Any CPU.Build.0 = Release|Any CPU
		{505BB47C-B9CB-6E03-BAD4-3EAFFE13C458}.Debug|Any CPU.ActiveCfg = Debug|Any CPU
		{505BB47C-B9CB-6E03-BAD4-3EAFFE13C458}.Debug|Any CPU.Build.0 = Debug|Any CPU
		{505BB47C-B9CB-6E03-BAD4-3EAFFE13C458}.Release|Any CPU.ActiveCfg = Release|Any CPU
		{505BB47C-B9CB-6E03-BAD4-3EAFFE13C458}.Release|Any CPU.Build.0 = Release|Any CPU
	EndGlobalSection
	GlobalSection(SolutionProperties) = preSolution
		HideSolutionNode = FALSE
	EndGlobalSection
																																																																																															GlobalSection(MonoDevelopProperties) = preSolution
		StartupItem = Assembly-CSharp.csproj
		Policies = $0
		$0.TextStylePolicy = $1
		$1.inheritsSet = null
		$1.scope = text/x-csharp
		$0.CSharpFormattingPolicy = $2
		$2.inheritsSet = Mono
		$2.inheritsScope = text/x-csharp
		$2.scope = text/x-csharp
		$0.TextStylePolicy = $3
		$3.FileWidth = 120
		$3.TabWidth = 4
		$3.EolMarker = Unix
		$3.inheritsSet = Mono
		$3.inheritsScope = text/plain
		$3.scope = text/plain
	EndGlobalSection

EndGlobal
